
Microsoft Visual Studio Solution File, Format Version 12.00
# Visual Studio Version 17
VisualStudioVersion = 17.5.33502.453
MinimumVisualStudioVersion = 10.0.40219.1
Project("{FAE04EC0-301F-11D3-BF4B-00C04F79EFBC}") = "Web", "Web\Web.csproj", "{1DCA9415-5B8F-4932-836E-9427F7EFB31C}"
EndProject
Project("{FAE04EC0-301F-11D3-BF4B-00C04F79EFBC}") = "Core", "Core\Core.csproj", "{7CD7EA39-2756-4DEF-A750-CE907B00434C}"
EndProject
Project("{FAE04EC0-301F-11D3-BF4B-00C04F79EFBC}") = "Infrastructure", "Infrastructure\Infrastructure.csproj", "{B34BFAB6-92E1-43BD-9B4C-9E6A2226CD1D}"
EndProject
Project("{FAE04EC0-301F-11D3-BF4B-00C04F79EFBC}") = "Utilities", "Utilities\Utilities.csproj", "{7EA00350-7D1B-4700-91E7-3DB36EEB15A5}"
EndProject
Global
	GlobalSection(SolutionConfigurationPlatforms) = preSolution
		Debug|Any CPU = Debug|Any CPU
		Release|Any CPU = Release|Any CPU
	EndGlobalSection
	GlobalSection(ProjectConfigurationPlatforms) = postSolution
		{1DCA9415-5B8F-4932-836E-9427F7EFB31C}.Debug|Any CPU.ActiveCfg = Debug|Any CPU
		{1DCA9415-5B8F-4932-836E-9427F7EFB31C}.Debug|Any CPU.Build.0 = Debug|Any CPU
		{1DCA9415-5B8F-4932-836E-9427F7EFB31C}.Release|Any CPU.ActiveCfg = Release|Any CPU
		{1DCA9415-5B8F-4932-836E-9427F7EFB31C}.Release|Any CPU.Build.0 = Release|Any CPU
		{7CD7EA39-2756-4DEF-A750-CE907B00434C}.Debug|Any CPU.ActiveCfg = Debug|Any CPU
		{7CD7EA39-2756-4DEF-A750-CE907B00434C}.Debug|Any CPU.Build.0 = Debug|Any CPU
		{7CD7EA39-2756-4DEF-A750-CE907B00434C}.Release|Any CPU.ActiveCfg = Release|Any CPU
		{7CD7EA39-2756-4DEF-A750-CE907B00434C}.Release|Any CPU.Build.0 = Release|Any CPU
		{B34BFAB6-92E1-43BD-9B4C-9E6A2226CD1D}.Debug|Any CPU.ActiveCfg = Debug|Any CPU
		{B34BFAB6-92E1-43BD-9B4C-9E6A2226CD1D}.Debug|Any CPU.Build.0 = Debug|Any CPU
		{B34BFAB6-92E1-43BD-9B4C-9E6A2226CD1D}.Release|Any CPU.ActiveCfg = Release|Any CPU
		{B34BFAB6-92E1-43BD-9B4C-9E6A2226CD1D}.Release|Any CPU.Build.0 = Release|Any CPU
		{7EA00350-7D1B-4700-91E7-3DB36EEB15A5}.Debug|Any CPU.ActiveCfg = Debug|Any CPU
		{7EA00350-7D1B-4700-91E7-3DB36EEB15A5}.Debug|Any CPU.Build.0 = Debug|Any CPU
		{7EA00350-7D1B-4700-91E7-3DB36EEB15A5}.Release|Any CPU.ActiveCfg = Release|Any CPU
		{7EA00350-7D1B-4700-91E7-3DB36EEB15A5}.Release|Any CPU.Build.0 = Release|Any CPU
	EndGlobalSection
	GlobalSection(SolutionProperties) = preSolution
		HideSolutionNode = FALSE
	EndGlobalSection
	GlobalSection(ExtensibilityGlobals) = postSolution
		SolutionGuid = {48541B04-CAD9-406D-865D-CC9DE6EBDA20}
	EndGlobalSection
EndGlobal
